
Microsoft Visual Studio Solution File, Format Version 12.00
# Visual Studio Version 17
VisualStudioVersion = 17.9.34622.214
MinimumVisualStudioVersion = 10.0.40219.1
Project("{9A19103F-16F7-4668-BE54-9A1E7A4F7556}") = "WebApplicationCarDealershipFinalExamPrep", "WebApplicationCarDealershipFinalExamPrep.csproj", "{5897ABBF-F39F-46AA-8790-149CD33080EE}"
EndProject
Project("{FAE04EC0-301F-11D3-BF4B-00C04F79EFBC}") = "WebApplicationCarDealershipFinalExamPrepTests", "..\WebApplicationCarDealershipFinalExamPrepTests\WebApplicationCarDealershipFinalExamPrepTests.csproj", "{0DBBF083-C709-4002-AC62-7B8C6A6928CA}"
EndProject
Global
	GlobalSection(SolutionConfigurationPlatforms) = preSolution
		Debug|Any CPU = Debug|Any CPU
		Release|Any CPU = Release|Any CPU
	EndGlobalSection
	GlobalSection(ProjectConfigurationPlatforms) = postSolution
		{5897ABBF-F39F-46AA-8790-149CD33080EE}.Debug|Any CPU.ActiveCfg = Debug|Any CPU
		{5897ABBF-F39F-46AA-8790-149CD33080EE}.Debug|Any CPU.Build.0 = Debug|Any CPU
		{5897ABBF-F39F-46AA-8790-149CD33080EE}.Release|Any CPU.ActiveCfg = Release|Any CPU
		{5897ABBF-F39F-46AA-8790-149CD33080EE}.Release|Any CPU.Build.0 = Release|Any CPU
		{0DBBF083-C709-4002-AC62-7B8C6A6928CA}.Debug|Any CPU.ActiveCfg = Debug|Any CPU
		{0DBBF083-C709-4002-AC62-7B8C6A6928CA}.Debug|Any CPU.Build.0 = Debug|Any CPU
		{0DBBF083-C709-4002-AC62-7B8C6A6928CA}.Release|Any CPU.ActiveCfg = Release|Any CPU
		{0DBBF083-C709-4002-AC62-7B8C6A6928CA}.Release|Any CPU.Build.0 = Release|Any CPU
	EndGlobalSection
	GlobalSection(SolutionProperties) = preSolution
		HideSolutionNode = FALSE
	EndGlobalSection
	GlobalSection(ExtensibilityGlobals) = postSolution
		SolutionGuid = {CA5684FD-411F-43BF-86BC-5EF4EAB26707}
	EndGlobalSection
EndGlobal
